
Microsoft Visual Studio Solution File, Format Version 12.00
# Visual Studio Version 16
VisualStudioVersion = 16.0.30406.217
MinimumVisualStudioVersion = 10.0.40219.1
Project("{8BC9CEB8-8B4A-11D0-8D11-00A0C91BC942}") = "ThreadTree", "ThreadTree.vcxproj", "{D3566B80-8A1B-4DA8-884B-FCE5ED4DC24E}"
EndProject
Global
	GlobalSection(SolutionConfigurationPlatforms) = preSolution
		Debug|x64 = Debug|x64
		Debug|x86 = Debug|x86
		Release|x64 = Release|x64
		Release|x86 = Release|x86
	EndGlobalSection
	GlobalSection(ProjectConfigurationPlatforms) = postSolution
		{D3566B80-8A1B-4DA8-884B-FCE5ED4DC24E}.Debug|x64.ActiveCfg = Debug|x64
		{D3566B80-8A1B-4DA8-884B-FCE5ED4DC24E}.Debug|x64.Build.0 = Debug|x64
		{D3566B80-8A1B-4DA8-884B-FCE5ED4DC24E}.Debug|x86.ActiveCfg = Debug|Win32
		{D3566B80-8A1B-4DA8-884B-FCE5ED4DC24E}.Debug|x86.Build.0 = Debug|Win32
		{D3566B80-8A1B-4DA8-884B-FCE5ED4DC24E}.Release|x64.ActiveCfg = Release|x64
		{D3566B80-8A1B-4DA8-884B-FCE5ED4DC24E}.Release|x64.Build.0 = Release|x64
		{D3566B80-8A1B-4DA8-884B-FCE5ED4DC24E}.Release|x86.ActiveCfg = Release|Win32
		{D3566B80-8A1B-4DA8-884B-FCE5ED4DC24E}.Release|x86.Build.0 = Release|Win32
	EndGlobalSection
	GlobalSection(SolutionProperties) = preSolution
		HideSolutionNode = FALSE
	EndGlobalSection
	GlobalSection(ExtensibilityGlobals) = postSolution
		SolutionGuid = {FAABF330-D2C1-4954-8A7C-A5EDCCA6BF07}
	EndGlobalSection
EndGlobal
