
Microsoft Visual Studio Solution File, Format Version 12.00
# Visual Studio Version 16
VisualStudioVersion = 16.0.30011.22
MinimumVisualStudioVersion = 10.0.40219.1
Project("{8BC9CEB8-8B4A-11D0-8D11-00A0C91BC942}") = "C1SList", "C1SList.vcxproj", "{AC9CB660-7A6E-4B60-9057-D71B157C6C81}"
EndProject
Global
	GlobalSection(SolutionConfigurationPlatforms) = preSolution
		Debug|x64 = Debug|x64
		Debug|x86 = Debug|x86
		Release|x64 = Release|x64
		Release|x86 = Release|x86
	EndGlobalSection
	GlobalSection(ProjectConfigurationPlatforms) = postSolution
		{AC9CB660-7A6E-4B60-9057-D71B157C6C81}.Debug|x64.ActiveCfg = Debug|x64
		{AC9CB660-7A6E-4B60-9057-D71B157C6C81}.Debug|x64.Build.0 = Debug|x64
		{AC9CB660-7A6E-4B60-9057-D71B157C6C81}.Debug|x86.ActiveCfg = Debug|Win32
		{AC9CB660-7A6E-4B60-9057-D71B157C6C81}.Debug|x86.Build.0 = Debug|Win32
		{AC9CB660-7A6E-4B60-9057-D71B157C6C81}.Release|x64.ActiveCfg = Release|x64
		{AC9CB660-7A6E-4B60-9057-D71B157C6C81}.Release|x64.Build.0 = Release|x64
		{AC9CB660-7A6E-4B60-9057-D71B157C6C81}.Release|x86.ActiveCfg = Release|Win32
		{AC9CB660-7A6E-4B60-9057-D71B157C6C81}.Release|x86.Build.0 = Release|Win32
	EndGlobalSection
	GlobalSection(SolutionProperties) = preSolution
		HideSolutionNode = FALSE
	EndGlobalSection
	GlobalSection(ExtensibilityGlobals) = postSolution
		SolutionGuid = {D813C83A-8D3E-4AA6-AA52-2113A8F3C1E7}
	EndGlobalSection
EndGlobal
